// !$*UTF8*$!
{
	archiveVersion = 1;
	classes = {
	};
	objectVersion = 56;
	objects = {

/* Begin PBXBuildFile section */
		41F4968529ACF00100A218B8 /* LaunchScreen.storyboard in Resources */ = {isa = PBXBuildFile; fileRef = 41F4968429ACF00100A218B8 /* LaunchScreen.storyboard */; };
		6E504E7329ACE7ED00B9ECEF /* AudioFlowApp.swift in Sources */ = {isa = PBXBuildFile; fileRef = 6E504E7229ACE7ED00B9ECEF /* AudioFlowApp.swift */; };
		6E504E7729ACE7EE00B9ECEF /* Assets.xcassets in Resources */ = {isa = PBXBuildFile; fileRef = 6E504E7629ACE7EE00B9ECEF /* Assets.xcassets */; };
		6E504E7A29ACE7EE00B9ECEF /* Preview Assets.xcassets in Resources */ = {isa = PBXBuildFile; fileRef = 6E504E7929ACE7EE00B9ECEF /* Preview Assets.xcassets */; };
		6E504E7C29ACE7EE00B9ECEF /* Persistence.swift in Sources */ = {isa = PBXBuildFile; fileRef = 6E504E7B29ACE7EE00B9ECEF /* Persistence.swift */; };
		6E504E7F29ACE7EE00B9ECEF /* AudioFlow.xcdatamodeld in Sources */ = {isa = PBXBuildFile; fileRef = 6E504E7D29ACE7EE00B9ECEF /* AudioFlow.xcdatamodeld */; };
		6E504E8629ACE8A100B9ECEF /* MagicView.swift in Sources */ = {isa = PBXBuildFile; fileRef = 6E504E8529ACE8A100B9ECEF /* MagicView.swift */; };
		6E504E8829ACE90500B9ECEF /* Checker.swift in Sources */ = {isa = PBXBuildFile; fileRef = 6E504E8729ACE90500B9ECEF /* Checker.swift */; };
		6E504E8A29ACE91C00B9ECEF /* OfficialAPI.swift in Sources */ = {isa = PBXBuildFile; fileRef = 6E504E8929ACE91C00B9ECEF /* OfficialAPI.swift */; };
		6E504E8C29ACE93300B9ECEF /* exampleAPIUse.swift in Sources */ = {isa = PBXBuildFile; fileRef = 6E504E8B29ACE93300B9ECEF /* exampleAPIUse.swift */; };
		6E504E8E29ACE94700B9ECEF /* HistoryView.swift in Sources */ = {isa = PBXBuildFile; fileRef = 6E504E8D29ACE94700B9ECEF /* HistoryView.swift */; };
		6E504E9029ACE95B00B9ECEF /* MagicBg.swift in Sources */ = {isa = PBXBuildFile; fileRef = 6E504E8F29ACE95B00B9ECEF /* MagicBg.swift */; };
		6E504E9229ACE96900B9ECEF /* MagicScreen.swift in Sources */ = {isa = PBXBuildFile; fileRef = 6E504E9129ACE96900B9ECEF /* MagicScreen.swift */; };
		6E504E9429ACE98600B9ECEF /* MusicPlayerView.swift in Sources */ = {isa = PBXBuildFile; fileRef = 6E504E9329ACE98600B9ECEF /* MusicPlayerView.swift */; };
		6E504E9629ACE99C00B9ECEF /* Textfield.swift in Sources */ = {isa = PBXBuildFile; fileRef = 6E504E9529ACE99C00B9ECEF /* Textfield.swift */; };
		6E504E9829ACE9B300B9ECEF /* WelcomeView.swift in Sources */ = {isa = PBXBuildFile; fileRef = 6E504E9729ACE9B300B9ECEF /* WelcomeView.swift */; };
		6ED3A76E29AD01D000428222 /* Localizable.strings in Resources */ = {isa = PBXBuildFile; fileRef = 6ED3A77029AD01D000428222 /* Localizable.strings */; };
/* End PBXBuildFile section */

/* Begin PBXFileReference section */
		41F4968429ACF00100A218B8 /* LaunchScreen.storyboard */ = {isa = PBXFileReference; lastKnownFileType = file.storyboard; path = LaunchScreen.storyboard; sourceTree = "<group>"; };
		6E504E6F29ACE7ED00B9ECEF /* AudioFlow.app */ = {isa = PBXFileReference; explicitFileType = wrapper.application; includeInIndex = 0; path = AudioFlow.app; sourceTree = BUILT_PRODUCTS_DIR; };
		6E504E7229ACE7ED00B9ECEF /* AudioFlowApp.swift */ = {isa = PBXFileReference; lastKnownFileType = sourcecode.swift; path = AudioFlowApp.swift; sourceTree = "<group>"; };
		6E504E7629ACE7EE00B9ECEF /* Assets.xcassets */ = {isa = PBXFileReference; lastKnownFileType = folder.assetcatalog; path = Assets.xcassets; sourceTree = "<group>"; };
		6E504E7929ACE7EE00B9ECEF /* Preview Assets.xcassets */ = {isa = PBXFileReference; lastKnownFileType = folder.assetcatalog; path = "Preview Assets.xcassets"; sourceTree = "<group>"; };
		6E504E7B29ACE7EE00B9ECEF /* Persistence.swift */ = {isa = PBXFileReference; lastKnownFileType = sourcecode.swift; path = Persistence.swift; sourceTree = "<group>"; };
		6E504E7E29ACE7EE00B9ECEF /* AudioFlow.xcdatamodel */ = {isa = PBXFileReference; lastKnownFileType = wrapper.xcdatamodel; path = AudioFlow.xcdatamodel; sourceTree = "<group>"; };
		6E504E8529ACE8A100B9ECEF /* MagicView.swift */ = {isa = PBXFileReference; lastKnownFileType = sourcecode.swift; path = MagicView.swift; sourceTree = "<group>"; };
		6E504E8729ACE90500B9ECEF /* Checker.swift */ = {isa = PBXFileReference; lastKnownFileType = sourcecode.swift; path = Checker.swift; sourceTree = "<group>"; };
		6E504E8929ACE91C00B9ECEF /* OfficialAPI.swift */ = {isa = PBXFileReference; lastKnownFileType = sourcecode.swift; path = OfficialAPI.swift; sourceTree = "<group>"; };
		6E504E8B29ACE93300B9ECEF /* exampleAPIUse.swift */ = {isa = PBXFileReference; lastKnownFileType = sourcecode.swift; path = exampleAPIUse.swift; sourceTree = "<group>"; };
		6E504E8D29ACE94700B9ECEF /* HistoryView.swift */ = {isa = PBXFileReference; lastKnownFileType = sourcecode.swift; path = HistoryView.swift; sourceTree = "<group>"; };
		6E504E8F29ACE95B00B9ECEF /* MagicBg.swift */ = {isa = PBXFileReference; lastKnownFileType = sourcecode.swift; path = MagicBg.swift; sourceTree = "<group>"; };
		6E504E9129ACE96900B9ECEF /* MagicScreen.swift */ = {isa = PBXFileReference; lastKnownFileType = sourcecode.swift; path = MagicScreen.swift; sourceTree = "<group>"; };
		6E504E9329ACE98600B9ECEF /* MusicPlayerView.swift */ = {isa = PBXFileReference; lastKnownFileType = sourcecode.swift; path = MusicPlayerView.swift; sourceTree = "<group>"; };
		6E504E9529ACE99C00B9ECEF /* Textfield.swift */ = {isa = PBXFileReference; lastKnownFileType = sourcecode.swift; path = Textfield.swift; sourceTree = "<group>"; };
		6E504E9729ACE9B300B9ECEF /* WelcomeView.swift */ = {isa = PBXFileReference; lastKnownFileType = sourcecode.swift; path = WelcomeView.swift; sourceTree = "<group>"; };
		6ED3A76F29AD01D000428222 /* en */ = {isa = PBXFileReference; lastKnownFileType = text.plist.strings; name = en; path = en.lproj/Localizable.strings; sourceTree = "<group>"; };
		6ED3A77129AD065500428222 /* pt-BR */ = {isa = PBXFileReference; lastKnownFileType = text.plist.strings; name = "pt-BR"; path = "pt-BR.lproj/Localizable.strings"; sourceTree = "<group>"; };
		6ED3A77229AD066A00428222 /* ko */ = {isa = PBXFileReference; lastKnownFileType = text.plist.strings; name = ko; path = ko.lproj/Localizable.strings; sourceTree = "<group>"; };
/* End PBXFileReference section */

/* Begin PBXFrameworksBuildPhase section */
		6E504E6C29ACE7ED00B9ECEF /* Frameworks */ = {
			isa = PBXFrameworksBuildPhase;
			buildActionMask = 2147483647;
			files = (
			);
			runOnlyForDeploymentPostprocessing = 0;
		};
/* End PBXFrameworksBuildPhase section */

/* Begin PBXGroup section */
		41F4967F29ACED2400A218B8 /* Views */ = {
			isa = PBXGroup;
			children = (
				6E504E8B29ACE93300B9ECEF /* exampleAPIUse.swift */,
				6E504E8529ACE8A100B9ECEF /* MagicView.swift */,
				6E504E8D29ACE94700B9ECEF /* HistoryView.swift */,
				6E504E9129ACE96900B9ECEF /* MagicScreen.swift */,
				6E504E8F29ACE95B00B9ECEF /* MagicBg.swift */,
				6E504E9329ACE98600B9ECEF /* MusicPlayerView.swift */,
				6E504E9729ACE9B300B9ECEF /* WelcomeView.swift */,
				6ED3A77029AD01D000428222 /* Localizable.strings */,
			);
			path = Views;
			sourceTree = "<group>";
		};
		41F4968029ACED4C00A218B8 /* Models */ = {
			isa = PBXGroup;
			children = (
				6E504E7B29ACE7EE00B9ECEF /* Persistence.swift */,
				6E504E8729ACE90500B9ECEF /* Checker.swift */,
				6E504E8929ACE91C00B9ECEF /* OfficialAPI.swift */,
			);
			path = Models;
			sourceTree = "<group>";
		};
		41F4968129ACED7000A218B8 /* Future */ = {
			isa = PBXGroup;
			children = (
				6E504E9529ACE99C00B9ECEF /* Textfield.swift */,
			);
			path = Future;
			sourceTree = "<group>";
		};
		6E504E6629ACE7ED00B9ECEF = {
			isa = PBXGroup;
			children = (
				6E504E7129ACE7ED00B9ECEF /* AudioFlow */,
				6E504E7029ACE7ED00B9ECEF /* Products */,
			);
			sourceTree = "<group>";
		};
		6E504E7029ACE7ED00B9ECEF /* Products */ = {
			isa = PBXGroup;
			children = (
				6E504E6F29ACE7ED00B9ECEF /* AudioFlow.app */,
			);
			name = Products;
			sourceTree = "<group>";
		};
		6E504E7129ACE7ED00B9ECEF /* AudioFlow */ = {
			isa = PBXGroup;
			children = (
				6E504E7229ACE7ED00B9ECEF /* AudioFlowApp.swift */,
				41F4967F29ACED2400A218B8 /* Views */,
				6E504E7629ACE7EE00B9ECEF /* Assets.xcassets */,
				41F4968029ACED4C00A218B8 /* Models */,
				41F4968129ACED7000A218B8 /* Future */,
				6E504E7D29ACE7EE00B9ECEF /* AudioFlow.xcdatamodeld */,
				6E504E7829ACE7EE00B9ECEF /* Preview Content */,
				41F4968429ACF00100A218B8 /* LaunchScreen.storyboard */,
			);
			path = AudioFlow;
			sourceTree = "<group>";
		};
		6E504E7829ACE7EE00B9ECEF /* Preview Content */ = {
			isa = PBXGroup;
			children = (
				6E504E7929ACE7EE00B9ECEF /* Preview Assets.xcassets */,
			);
			path = "Preview Content";
			sourceTree = "<group>";
		};
/* End PBXGroup section */

/* Begin PBXNativeTarget section */
		6E504E6E29ACE7ED00B9ECEF /* AudioFlow */ = {
			isa = PBXNativeTarget;
			buildConfigurationList = 6E504E8229ACE7EE00B9ECEF /* Build configuration list for PBXNativeTarget "AudioFlow" */;
			buildPhases = (
				6E504E6B29ACE7ED00B9ECEF /* Sources */,
				6E504E6C29ACE7ED00B9ECEF /* Frameworks */,
				6E504E6D29ACE7ED00B9ECEF /* Resources */,
			);
			buildRules = (
			);
			dependencies = (
			);
			name = AudioFlow;
			productName = AudioFlow;
			productReference = 6E504E6F29ACE7ED00B9ECEF /* AudioFlow.app */;
			productType = "com.apple.product-type.application";
		};
/* End PBXNativeTarget section */

/* Begin PBXProject section */
		6E504E6729ACE7ED00B9ECEF /* Project object */ = {
			isa = PBXProject;
			attributes = {
				BuildIndependentTargetsInParallel = 1;
				LastSwiftUpdateCheck = 1420;
				LastUpgradeCheck = 1420;
				TargetAttributes = {
					6E504E6E29ACE7ED00B9ECEF = {
						CreatedOnToolsVersion = 14.2;
					};
				};
			};
			buildConfigurationList = 6E504E6A29ACE7ED00B9ECEF /* Build configuration list for PBXProject "AudioFlow" */;
			compatibilityVersion = "Xcode 14.0";
			developmentRegion = en;
			hasScannedForEncodings = 0;
			knownRegions = (
				en,
				Base,
				"pt-BR",
				ko,
			);
			mainGroup = 6E504E6629ACE7ED00B9ECEF;
			productRefGroup = 6E504E7029ACE7ED00B9ECEF /* Products */;
			projectDirPath = "";
			projectRoot = "";
			targets = (
				6E504E6E29ACE7ED00B9ECEF /* AudioFlow */,
			);
		};
/* End PBXProject section */

/* Begin PBXResourcesBuildPhase section */
		6E504E6D29ACE7ED00B9ECEF /* Resources */ = {
			isa = PBXResourcesBuildPhase;
			buildActionMask = 2147483647;
			files = (
				41F4968529ACF00100A218B8 /* LaunchScreen.storyboard in Resources */,
				6ED3A76E29AD01D000428222 /* Localizable.strings in Resources */,
				6E504E7A29ACE7EE00B9ECEF /* Preview Assets.xcassets in Resources */,
				6E504E7729ACE7EE00B9ECEF /* Assets.xcassets in Resources */,
			);
			runOnlyForDeploymentPostprocessing = 0;
		};
/* End PBXResourcesBuildPhase section */

/* Begin PBXSourcesBuildPhase section */
		6E504E6B29ACE7ED00B9ECEF /* Sources */ = {
			isa = PBXSourcesBuildPhase;
			buildActionMask = 2147483647;
			files = (
				6E504E7F29ACE7EE00B9ECEF /* AudioFlow.xcdatamodeld in Sources */,
				6E504E8C29ACE93300B9ECEF /* exampleAPIUse.swift in Sources */,
				6E504E8829ACE90500B9ECEF /* Checker.swift in Sources */,
				6E504E7C29ACE7EE00B9ECEF /* Persistence.swift in Sources */,
				6E504E8A29ACE91C00B9ECEF /* OfficialAPI.swift in Sources */,
				6E504E9629ACE99C00B9ECEF /* Textfield.swift in Sources */,
				6E504E9029ACE95B00B9ECEF /* MagicBg.swift in Sources */,
				6E504E8629ACE8A100B9ECEF /* MagicView.swift in Sources */,
				6E504E8E29ACE94700B9ECEF /* HistoryView.swift in Sources */,
				6E504E9429ACE98600B9ECEF /* MusicPlayerView.swift in Sources */,
				6E504E9229ACE96900B9ECEF /* MagicScreen.swift in Sources */,
				6E504E7329ACE7ED00B9ECEF /* AudioFlowApp.swift in Sources */,
				6E504E9829ACE9B300B9ECEF /* WelcomeView.swift in Sources */,
			);
			runOnlyForDeploymentPostprocessing = 0;
		};
/* End PBXSourcesBuildPhase section */

/* Begin PBXVariantGroup section */
		6ED3A77029AD01D000428222 /* Localizable.strings */ = {
			isa = PBXVariantGroup;
			children = (
				6ED3A76F29AD01D000428222 /* en */,
				6ED3A77129AD065500428222 /* pt-BR */,
				6ED3A77229AD066A00428222 /* ko */,
			);
			name = Localizable.strings;
			sourceTree = "<group>";
		};
/* End PBXVariantGroup section */

/* Begin XCBuildConfiguration section */
		6E504E8029ACE7EE00B9ECEF /* Debug */ = {
			isa = XCBuildConfiguration;
			buildSettings = {
				ALWAYS_SEARCH_USER_PATHS = NO;
				CLANG_ANALYZER_LOCALIZABILITY_NONLOCALIZED = YES;
				CLANG_ANALYZER_NONNULL = YES;
				CLANG_ANALYZER_NUMBER_OBJECT_CONVERSION = YES_AGGRESSIVE;
				CLANG_CXX_LANGUAGE_STANDARD = "gnu++20";
				CLANG_ENABLE_MODULES = YES;
				CLANG_ENABLE_OBJC_ARC = YES;
				CLANG_ENABLE_OBJC_WEAK = YES;
				CLANG_WARN_BLOCK_CAPTURE_AUTORELEASING = YES;
				CLANG_WARN_BOOL_CONVERSION = YES;
				CLANG_WARN_COMMA = YES;
				CLANG_WARN_CONSTANT_CONVERSION = YES;
				CLANG_WARN_DEPRECATED_OBJC_IMPLEMENTATIONS = YES;
				CLANG_WARN_DIRECT_OBJC_ISA_USAGE = YES_ERROR;
				CLANG_WARN_DOCUMENTATION_COMMENTS = YES;
				CLANG_WARN_EMPTY_BODY = YES;
				CLANG_WARN_ENUM_CONVERSION = YES;
				CLANG_WARN_INFINITE_RECURSION = YES;
				CLANG_WARN_INT_CONVERSION = YES;
				CLANG_WARN_NON_LITERAL_NULL_CONVERSION = YES;
				CLANG_WARN_OBJC_IMPLICIT_RETAIN_SELF = YES;
				CLANG_WARN_OBJC_LITERAL_CONVERSION = YES;
				CLANG_WARN_OBJC_ROOT_CLASS = YES_ERROR;
				CLANG_WARN_QUOTED_INCLUDE_IN_FRAMEWORK_HEADER = YES;
				CLANG_WARN_RANGE_LOOP_ANALYSIS = YES;
				CLANG_WARN_STRICT_PROTOTYPES = YES;
				CLANG_WARN_SUSPICIOUS_MOVE = YES;
				CLANG_WARN_UNGUARDED_AVAILABILITY = YES_AGGRESSIVE;
				CLANG_WARN_UNREACHABLE_CODE = YES;
				CLANG_WARN__DUPLICATE_METHOD_MATCH = YES;
				COPY_PHASE_STRIP = NO;
				DEBUG_INFORMATION_FORMAT = dwarf;
				ENABLE_STRICT_OBJC_MSGSEND = YES;
				ENABLE_TESTABILITY = YES;
				GCC_C_LANGUAGE_STANDARD = gnu11;
				GCC_DYNAMIC_NO_PIC = NO;
				GCC_NO_COMMON_BLOCKS = YES;
				GCC_OPTIMIZATION_LEVEL = 0;
				GCC_PREPROCESSOR_DEFINITIONS = (
					"DEBUG=1",
					"$(inherited)",
				);
				GCC_WARN_64_TO_32_BIT_CONVERSION = YES;
				GCC_WARN_ABOUT_RETURN_TYPE = YES_ERROR;
				GCC_WARN_UNDECLARED_SELECTOR = YES;
				GCC_WARN_UNINITIALIZED_AUTOS = YES_AGGRESSIVE;
				GCC_WARN_UNUSED_FUNCTION = YES;
				GCC_WARN_UNUSED_VARIABLE = YES;
				IPHONEOS_DEPLOYMENT_TARGET = 16.0;
				MTL_ENABLE_DEBUG_INFO = INCLUDE_SOURCE;
				MTL_FAST_MATH = YES;
				ONLY_ACTIVE_ARCH = YES;
				SDKROOT = iphoneos;
				SWIFT_ACTIVE_COMPILATION_CONDITIONS = DEBUG;
				SWIFT_OPTIMIZATION_LEVEL = "-Onone";
			};
			name = Debug;
		};
		6E504E8129ACE7EE00B9ECEF /* Release */ = {
			isa = XCBuildConfiguration;
			buildSettings = {
				ALWAYS_SEARCH_USER_PATHS = NO;
				CLANG_ANALYZER_LOCALIZABILITY_NONLOCALIZED = YES;
				CLANG_ANALYZER_NONNULL = YES;
				CLANG_ANALYZER_NUMBER_OBJECT_CONVERSION = YES_AGGRESSIVE;
				CLANG_CXX_LANGUAGE_STANDARD = "gnu++20";
				CLANG_ENABLE_MODULES = YES;
				CLANG_ENABLE_OBJC_ARC = YES;
				CLANG_ENABLE_OBJC_WEAK = YES;
				CLANG_WARN_BLOCK_CAPTURE_AUTORELEASING = YES;
				CLANG_WARN_BOOL_CONVERSION = YES;
				CLANG_WARN_COMMA = YES;
				CLANG_WARN_CONSTANT_CONVERSION = YES;
				CLANG_WARN_DEPRECATED_OBJC_IMPLEMENTATIONS = YES;
				CLANG_WARN_DIRECT_OBJC_ISA_USAGE = YES_ERROR;
				CLANG_WARN_DOCUMENTATION_COMMENTS = YES;
				CLANG_WARN_EMPTY_BODY = YES;
				CLANG_WARN_ENUM_CONVERSION = YES;
				CLANG_WARN_INFINITE_RECURSION = YES;
				CLANG_WARN_INT_CONVERSION = YES;
				CLANG_WARN_NON_LITERAL_NULL_CONVERSION = YES;
				CLANG_WARN_OBJC_IMPLICIT_RETAIN_SELF = YES;
				CLANG_WARN_OBJC_LITERAL_CONVERSION = YES;
				CLANG_WARN_OBJC_ROOT_CLASS = YES_ERROR;
				CLANG_WARN_QUOTED_INCLUDE_IN_FRAMEWORK_HEADER = YES;
				CLANG_WARN_RANGE_LOOP_ANALYSIS = YES;
				CLANG_WARN_STRICT_PROTOTYPES = YES;
				CLANG_WARN_SUSPICIOUS_MOVE = YES;
				CLANG_WARN_UNGUARDED_AVAILABILITY = YES_AGGRESSIVE;
				CLANG_WARN_UNREACHABLE_CODE = YES;
				CLANG_WARN__DUPLICATE_METHOD_MATCH = YES;
				COPY_PHASE_STRIP = NO;
				DEBUG_INFORMATION_FORMAT = "dwarf-with-dsym";
				ENABLE_NS_ASSERTIONS = NO;
				ENABLE_STRICT_OBJC_MSGSEND = YES;
				GCC_C_LANGUAGE_STANDARD = gnu11;
				GCC_NO_COMMON_BLOCKS = YES;
				GCC_WARN_64_TO_32_BIT_CONVERSION = YES;
				GCC_WARN_ABOUT_RETURN_TYPE = YES_ERROR;
				GCC_WARN_UNDECLARED_SELECTOR = YES;
				GCC_WARN_UNINITIALIZED_AUTOS = YES_AGGRESSIVE;
				GCC_WARN_UNUSED_FUNCTION = YES;
				GCC_WARN_UNUSED_VARIABLE = YES;
				IPHONEOS_DEPLOYMENT_TARGET = 16.0;
				MTL_ENABLE_DEBUG_INFO = NO;
				MTL_FAST_MATH = YES;
				SDKROOT = iphoneos;
				SWIFT_COMPILATION_MODE = wholemodule;
				SWIFT_OPTIMIZATION_LEVEL = "-O";
				VALIDATE_PRODUCT = YES;
			};
			name = Release;
		};
		6E504E8329ACE7EE00B9ECEF /* Debug */ = {
			isa = XCBuildConfiguration;
			buildSettings = {
				ASSETCATALOG_COMPILER_APPICON_NAME = AppIcon;
				ASSETCATALOG_COMPILER_GLOBAL_ACCENT_COLOR_NAME = AccentColor;
				CODE_SIGN_STYLE = Automatic;
				CURRENT_PROJECT_VERSION = 1;
				DEVELOPMENT_ASSET_PATHS = "\"AudioFlow/Preview Content\"";
				DEVELOPMENT_TEAM = FC4N8Y3U83;
				ENABLE_PREVIEWS = YES;
				GENERATE_INFOPLIST_FILE = YES;
				INFOPLIST_KEY_CFBundleDisplayName = "JamBot ";
				INFOPLIST_KEY_LSApplicationCategoryType = "public.app-category.music";
				INFOPLIST_KEY_UIApplicationSceneManifest_Generation = YES;
				INFOPLIST_KEY_UIApplicationSupportsIndirectInputEvents = YES;
				INFOPLIST_KEY_UILaunchScreen_Generation = YES;
				INFOPLIST_KEY_UISupportedInterfaceOrientations_iPad = "UIInterfaceOrientationPortrait UIInterfaceOrientationPortraitUpsideDown UIInterfaceOrientationLandscapeLeft UIInterfaceOrientationLandscapeRight";
				INFOPLIST_KEY_UISupportedInterfaceOrientations_iPhone = "UIInterfaceOrientationPortrait UIInterfaceOrientationLandscapeLeft UIInterfaceOrientationLandscapeRight";
				INFOPLIST_KEY_UIUserInterfaceStyle = Dark;
				LD_RUNPATH_SEARCH_PATHS = (
					"$(inherited)",
					"@executable_path/Frameworks",
				);
				MARKETING_VERSION = 1.0;
				PRODUCT_BUNDLE_IDENTIFIER = com.ada.RaviHeyne.AudioFlow;
				PRODUCT_NAME = "$(TARGET_NAME)";
				SWIFT_EMIT_LOC_STRINGS = YES;
				SWIFT_VERSION = 5.0;
				TARGETED_DEVICE_FAMILY = "1,2";
			};
			name = Debug;
		};
		6E504E8429ACE7EE00B9ECEF /* Release */ = {
			isa = XCBuildConfiguration;
			buildSettings = {
				ASSETCATALOG_COMPILER_APPICON_NAME = AppIcon;
				ASSETCATALOG_COMPILER_GLOBAL_ACCENT_COLOR_NAME = AccentColor;
				CODE_SIGN_STYLE = Automatic;
				CURRENT_PROJECT_VERSION = 1;
				DEVELOPMENT_ASSET_PATHS = "\"AudioFlow/Preview Content\"";
				DEVELOPMENT_TEAM = FC4N8Y3U83;
				ENABLE_PREVIEWS = YES;
				GENERATE_INFOPLIST_FILE = YES;
				INFOPLIST_KEY_CFBundleDisplayName = "JamBot ";
				INFOPLIST_KEY_LSApplicationCategoryType = "public.app-category.music";
				INFOPLIST_KEY_UIApplicationSceneManifest_Generation = YES;
				INFOPLIST_KEY_UIApplicationSupportsIndirectInputEvents = YES;
				INFOPLIST_KEY_UILaunchScreen_Generation = YES;
				INFOPLIST_KEY_UISupportedInterfaceOrientations_iPad = "UIInterfaceOrientationPortrait UIInterfaceOrientationPortraitUpsideDown UIInterfaceOrientationLandscapeLeft UIInterfaceOrientationLandscapeRight";
				INFOPLIST_KEY_UISupportedInterfaceOrientations_iPhone = "UIInterfaceOrientationPortrait UIInterfaceOrientationLandscapeLeft UIInterfaceOrientationLandscapeRight";
				INFOPLIST_KEY_UIUserInterfaceStyle = Dark;
				LD_RUNPATH_SEARCH_PATHS = (
					"$(inherited)",
					"@executable_path/Frameworks",
				);
				MARKETING_VERSION = 1.0;
				PRODUCT_BUNDLE_IDENTIFIER = com.ada.RaviHeyne.AudioFlow;
				PRODUCT_NAME = "$(TARGET_NAME)";
				SWIFT_EMIT_LOC_STRINGS = YES;
				SWIFT_VERSION = 5.0;
				TARGETED_DEVICE_FAMILY = "1,2";
			};
			name = Release;
		};
/* End XCBuildConfiguration section */

/* Begin XCConfigurationList section */
		6E504E6A29ACE7ED00B9ECEF /* Build configuration list for PBXProject "AudioFlow" */ = {
			isa = XCConfigurationList;
			buildConfigurations = (
				6E504E8029ACE7EE00B9ECEF /* Debug */,
				6E504E8129ACE7EE00B9ECEF /* Release */,
			);
			defaultConfigurationIsVisible = 0;
			defaultConfigurationName = Release;
		};
		6E504E8229ACE7EE00B9ECEF /* Build configuration list for PBXNativeTarget "AudioFlow" */ = {
			isa = XCConfigurationList;
			buildConfigurations = (
				6E504E8329ACE7EE00B9ECEF /* Debug */,
				6E504E8429ACE7EE00B9ECEF /* Release */,
			);
			defaultConfigurationIsVisible = 0;
			defaultConfigurationName = Release;
		};
/* End XCConfigurationList section */

/* Begin XCVersionGroup section */
		6E504E7D29ACE7EE00B9ECEF /* AudioFlow.xcdatamodeld */ = {
			isa = XCVersionGroup;
			children = (
				6E504E7E29ACE7EE00B9ECEF /* AudioFlow.xcdatamodel */,
			);
			currentVersion = 6E504E7E29ACE7EE00B9ECEF /* AudioFlow.xcdatamodel */;
			path = AudioFlow.xcdatamodeld;
			sourceTree = "<group>";
			versionGroupType = wrapper.xcdatamodel;
		};
/* End XCVersionGroup section */
	};
	rootObject = 6E504E6729ACE7ED00B9ECEF /* Project object */;
}
